
Microsoft Visual Studio Solution File, Format Version 12.00
# Visual Studio Version 16
VisualStudioVersion = 16.0.30804.86
MinimumVisualStudioVersion = 10.0.40219.1
Project("{FAE04EC0-301F-11D3-BF4B-00C04F79EFBC}") = "PlatformTools", "PlatformTools\PlatformTools.csproj", "{C39F1073-D4ED-4BDD-BA6A-11DE30265EFC}"
EndProject
Project("{2150E333-8FDC-42A3-9474-1A3956D46DE8}") = "Solution Items", "Solution Items", "{31B55BD0-D62A-46EB-805B-F4F6A9E34E5D}"
	ProjectSection(SolutionItems) = preProject
		Readme.md = Readme.md
	EndProjectSection
EndProject
Project("{FAE04EC0-301F-11D3-BF4B-00C04F79EFBC}") = "FastPrintFolderStructureSDK", "FastPrintFolderStructureSDK\FastPrintFolderStructureSDK.csproj", "{F8B5C1B2-ABD0-44E2-8943-8EF75F0983B1}"
EndProject
Project("{FAE04EC0-301F-11D3-BF4B-00C04F79EFBC}") = "FastPrintFolderStructure", "FastPrintFolderStructure\FastPrintFolderStructure.csproj", "{2E1BBA20-D939-4941-8245-FBC628903DD5}"
EndProject
Project("{FAE04EC0-301F-11D3-BF4B-00C04F79EFBC}") = "QueryServiceRegistry", "QueryServiceRegistry\QueryServiceRegistry.csproj", "{2B226BA2-C1A6-4D22-B2E3-0ED45A8BB75D}"
EndProject
Project("{FAE04EC0-301F-11D3-BF4B-00C04F79EFBC}") = "FolderOperationsSDK", "FolderOperations\FolderOperationsSDK.csproj", "{7613476E-6718-44B6-864F-21DD360AF530}"
EndProject
Project("{FAE04EC0-301F-11D3-BF4B-00C04F79EFBC}") = "QueryServiceRegistrySDK", "QueryServiceRegistrySDK\QueryServiceRegistrySDK.csproj", "{F505CB2B-A17F-4E16-9763-E540CB8FD09F}"
EndProject
Project("{FAE04EC0-301F-11D3-BF4B-00C04F79EFBC}") = "QueryDatamodelAggregator", "QueryDatamodelAggregator\QueryDatamodelAggregator.csproj", "{2F3FDAF4-CF34-4C4F-8860-A86A76118C43}"
EndProject
Global
	GlobalSection(SolutionConfigurationPlatforms) = preSolution
		Debug|Any CPU = Debug|Any CPU
		Release|Any CPU = Release|Any CPU
	EndGlobalSection
	GlobalSection(ProjectConfigurationPlatforms) = postSolution
		{C39F1073-D4ED-4BDD-BA6A-11DE30265EFC}.Debug|Any CPU.ActiveCfg = Debug|Any CPU
		{C39F1073-D4ED-4BDD-BA6A-11DE30265EFC}.Debug|Any CPU.Build.0 = Debug|Any CPU
		{C39F1073-D4ED-4BDD-BA6A-11DE30265EFC}.Release|Any CPU.ActiveCfg = Release|Any CPU
		{C39F1073-D4ED-4BDD-BA6A-11DE30265EFC}.Release|Any CPU.Build.0 = Release|Any CPU
		{F8B5C1B2-ABD0-44E2-8943-8EF75F0983B1}.Debug|Any CPU.ActiveCfg = Debug|Any CPU
		{F8B5C1B2-ABD0-44E2-8943-8EF75F0983B1}.Debug|Any CPU.Build.0 = Debug|Any CPU
		{F8B5C1B2-ABD0-44E2-8943-8EF75F0983B1}.Release|Any CPU.ActiveCfg = Release|Any CPU
		{F8B5C1B2-ABD0-44E2-8943-8EF75F0983B1}.Release|Any CPU.Build.0 = Release|Any CPU
		{2E1BBA20-D939-4941-8245-FBC628903DD5}.Debug|Any CPU.ActiveCfg = Debug|Any CPU
		{2E1BBA20-D939-4941-8245-FBC628903DD5}.Debug|Any CPU.Build.0 = Debug|Any CPU
		{2E1BBA20-D939-4941-8245-FBC628903DD5}.Release|Any CPU.ActiveCfg = Release|Any CPU
		{2E1BBA20-D939-4941-8245-FBC628903DD5}.Release|Any CPU.Build.0 = Release|Any CPU
		{2B226BA2-C1A6-4D22-B2E3-0ED45A8BB75D}.Debug|Any CPU.ActiveCfg = Debug|Any CPU
		{2B226BA2-C1A6-4D22-B2E3-0ED45A8BB75D}.Debug|Any CPU.Build.0 = Debug|Any CPU
		{2B226BA2-C1A6-4D22-B2E3-0ED45A8BB75D}.Release|Any CPU.ActiveCfg = Release|Any CPU
		{2B226BA2-C1A6-4D22-B2E3-0ED45A8BB75D}.Release|Any CPU.Build.0 = Release|Any CPU
		{7613476E-6718-44B6-864F-21DD360AF530}.Debug|Any CPU.ActiveCfg = Debug|Any CPU
		{7613476E-6718-44B6-864F-21DD360AF530}.Debug|Any CPU.Build.0 = Debug|Any CPU
		{7613476E-6718-44B6-864F-21DD360AF530}.Release|Any CPU.ActiveCfg = Release|Any CPU
		{7613476E-6718-44B6-864F-21DD360AF530}.Release|Any CPU.Build.0 = Release|Any CPU
		{F505CB2B-A17F-4E16-9763-E540CB8FD09F}.Debug|Any CPU.ActiveCfg = Debug|Any CPU
		{F505CB2B-A17F-4E16-9763-E540CB8FD09F}.Debug|Any CPU.Build.0 = Debug|Any CPU
		{F505CB2B-A17F-4E16-9763-E540CB8FD09F}.Release|Any CPU.ActiveCfg = Release|Any CPU
		{F505CB2B-A17F-4E16-9763-E540CB8FD09F}.Release|Any CPU.Build.0 = Release|Any CPU
		{2F3FDAF4-CF34-4C4F-8860-A86A76118C43}.Debug|Any CPU.ActiveCfg = Debug|Any CPU
		{2F3FDAF4-CF34-4C4F-8860-A86A76118C43}.Debug|Any CPU.Build.0 = Debug|Any CPU
		{2F3FDAF4-CF34-4C4F-8860-A86A76118C43}.Release|Any CPU.ActiveCfg = Release|Any CPU
		{2F3FDAF4-CF34-4C4F-8860-A86A76118C43}.Release|Any CPU.Build.0 = Release|Any CPU
	EndGlobalSection
	GlobalSection(SolutionProperties) = preSolution
		HideSolutionNode = FALSE
	EndGlobalSection
	GlobalSection(ExtensibilityGlobals) = postSolution
		SolutionGuid = {56AE2BBE-304A-4C7A-ADE3-A973DB0D1BF3}
	EndGlobalSection
EndGlobal
